
Microsoft Visual Studio Solution File, Format Version 12.00
# Visual Studio Version 17
VisualStudioVersion = 17.0.31903.59
MinimumVisualStudioVersion = 10.0.40219.1
Project("{FAE04EC0-301F-11D3-BF4B-00C04F79EFBC}") = "StoreApp", "StoreApp\StoreApp.csproj", "{3445782C-6107-42DE-ACE3-09D3EDF0927E}"
EndProject
Project("{FAE04EC0-301F-11D3-BF4B-00C04F79EFBC}") = "Entities", "Entities\Entities.csproj", "{4F25D386-270A-4E36-9B33-8843FE8F206E}"
EndProject
Project("{FAE04EC0-301F-11D3-BF4B-00C04F79EFBC}") = "Repositories", "Repositories\Repositories.csproj", "{B5CF1B91-F65E-4486-95D2-B9A4EC4CCE9E}"
EndProject
Project("{FAE04EC0-301F-11D3-BF4B-00C04F79EFBC}") = "Services", "Services\Services.csproj", "{5FD95A49-7DE5-4093-8396-4671931A4A5B}"
EndProject
Global
	GlobalSection(SolutionConfigurationPlatforms) = preSolution
		Debug|Any CPU = Debug|Any CPU
		Debug|x64 = Debug|x64
		Debug|x86 = Debug|x86
		Release|Any CPU = Release|Any CPU
		Release|x64 = Release|x64
		Release|x86 = Release|x86
	EndGlobalSection
	GlobalSection(ProjectConfigurationPlatforms) = postSolution
		{3445782C-6107-42DE-ACE3-09D3EDF0927E}.Debug|Any CPU.ActiveCfg = Debug|Any CPU
		{3445782C-6107-42DE-ACE3-09D3EDF0927E}.Debug|Any CPU.Build.0 = Debug|Any CPU
		{3445782C-6107-42DE-ACE3-09D3EDF0927E}.Debug|x64.ActiveCfg = Debug|Any CPU
		{3445782C-6107-42DE-ACE3-09D3EDF0927E}.Debug|x64.Build.0 = Debug|Any CPU
		{3445782C-6107-42DE-ACE3-09D3EDF0927E}.Debug|x86.ActiveCfg = Debug|Any CPU
		{3445782C-6107-42DE-ACE3-09D3EDF0927E}.Debug|x86.Build.0 = Debug|Any CPU
		{3445782C-6107-42DE-ACE3-09D3EDF0927E}.Release|Any CPU.ActiveCfg = Release|Any CPU
		{3445782C-6107-42DE-ACE3-09D3EDF0927E}.Release|Any CPU.Build.0 = Release|Any CPU
		{3445782C-6107-42DE-ACE3-09D3EDF0927E}.Release|x64.ActiveCfg = Release|Any CPU
		{3445782C-6107-42DE-ACE3-09D3EDF0927E}.Release|x64.Build.0 = Release|Any CPU
		{3445782C-6107-42DE-ACE3-09D3EDF0927E}.Release|x86.ActiveCfg = Release|Any CPU
		{3445782C-6107-42DE-ACE3-09D3EDF0927E}.Release|x86.Build.0 = Release|Any CPU
		{4F25D386-270A-4E36-9B33-8843FE8F206E}.Debug|Any CPU.ActiveCfg = Debug|Any CPU
		{4F25D386-270A-4E36-9B33-8843FE8F206E}.Debug|Any CPU.Build.0 = Debug|Any CPU
		{4F25D386-270A-4E36-9B33-8843FE8F206E}.Debug|x64.ActiveCfg = Debug|Any CPU
		{4F25D386-270A-4E36-9B33-8843FE8F206E}.Debug|x64.Build.0 = Debug|Any CPU
		{4F25D386-270A-4E36-9B33-8843FE8F206E}.Debug|x86.ActiveCfg = Debug|Any CPU
		{4F25D386-270A-4E36-9B33-8843FE8F206E}.Debug|x86.Build.0 = Debug|Any CPU
		{4F25D386-270A-4E36-9B33-8843FE8F206E}.Release|Any CPU.ActiveCfg = Release|Any CPU
		{4F25D386-270A-4E36-9B33-8843FE8F206E}.Release|Any CPU.Build.0 = Release|Any CPU
		{4F25D386-270A-4E36-9B33-8843FE8F206E}.Release|x64.ActiveCfg = Release|Any CPU
		{4F25D386-270A-4E36-9B33-8843FE8F206E}.Release|x64.Build.0 = Release|Any CPU
		{4F25D386-270A-4E36-9B33-8843FE8F206E}.Release|x86.ActiveCfg = Release|Any CPU
		{4F25D386-270A-4E36-9B33-8843FE8F206E}.Release|x86.Build.0 = Release|Any CPU
		{B5CF1B91-F65E-4486-95D2-B9A4EC4CCE9E}.Debug|Any CPU.ActiveCfg = Debug|Any CPU
		{B5CF1B91-F65E-4486-95D2-B9A4EC4CCE9E}.Debug|Any CPU.Build.0 = Debug|Any CPU
		{B5CF1B91-F65E-4486-95D2-B9A4EC4CCE9E}.Debug|x64.ActiveCfg = Debug|Any CPU
		{B5CF1B91-F65E-4486-95D2-B9A4EC4CCE9E}.Debug|x64.Build.0 = Debug|Any CPU
		{B5CF1B91-F65E-4486-95D2-B9A4EC4CCE9E}.Debug|x86.ActiveCfg = Debug|Any CPU
		{B5CF1B91-F65E-4486-95D2-B9A4EC4CCE9E}.Debug|x86.Build.0 = Debug|Any CPU
		{B5CF1B91-F65E-4486-95D2-B9A4EC4CCE9E}.Release|Any CPU.ActiveCfg = Release|Any CPU
		{B5CF1B91-F65E-4486-95D2-B9A4EC4CCE9E}.Release|Any CPU.Build.0 = Release|Any CPU
		{B5CF1B91-F65E-4486-95D2-B9A4EC4CCE9E}.Release|x64.ActiveCfg = Release|Any CPU
		{B5CF1B91-F65E-4486-95D2-B9A4EC4CCE9E}.Release|x64.Build.0 = Release|Any CPU
		{B5CF1B91-F65E-4486-95D2-B9A4EC4CCE9E}.Release|x86.ActiveCfg = Release|Any CPU
		{B5CF1B91-F65E-4486-95D2-B9A4EC4CCE9E}.Release|x86.Build.0 = Release|Any CPU
		{5FD95A49-7DE5-4093-8396-4671931A4A5B}.Debug|Any CPU.ActiveCfg = Debug|Any CPU
		{5FD95A49-7DE5-4093-8396-4671931A4A5B}.Debug|Any CPU.Build.0 = Debug|Any CPU
		{5FD95A49-7DE5-4093-8396-4671931A4A5B}.Debug|x64.ActiveCfg = Debug|Any CPU
		{5FD95A49-7DE5-4093-8396-4671931A4A5B}.Debug|x64.Build.0 = Debug|Any CPU
		{5FD95A49-7DE5-4093-8396-4671931A4A5B}.Debug|x86.ActiveCfg = Debug|Any CPU
		{5FD95A49-7DE5-4093-8396-4671931A4A5B}.Debug|x86.Build.0 = Debug|Any CPU
		{5FD95A49-7DE5-4093-8396-4671931A4A5B}.Release|Any CPU.ActiveCfg = Release|Any CPU
		{5FD95A49-7DE5-4093-8396-4671931A4A5B}.Release|Any CPU.Build.0 = Release|Any CPU
		{5FD95A49-7DE5-4093-8396-4671931A4A5B}.Release|x64.ActiveCfg = Release|Any CPU
		{5FD95A49-7DE5-4093-8396-4671931A4A5B}.Release|x64.Build.0 = Release|Any CPU
		{5FD95A49-7DE5-4093-8396-4671931A4A5B}.Release|x86.ActiveCfg = Release|Any CPU
		{5FD95A49-7DE5-4093-8396-4671931A4A5B}.Release|x86.Build.0 = Release|Any CPU
	EndGlobalSection
	GlobalSection(SolutionProperties) = preSolution
		HideSolutionNode = FALSE
	EndGlobalSection
EndGlobal
